// !$*UTF8*$!
{
	archiveVersion = 1;
	classes = {
	};
	objectVersion = 50;
	objects = {

/* Begin PBXBuildFile section */
		AF1A623C350A787878C269B6 /* Pods_Konosuba.framework in Frameworks */ = {isa = PBXBuildFile; fileRef = 4AFE56591A056DB7FDC512A6 /* Pods_Konosuba.framework */; };
		B44F07F51B25803D04C58F03 /* Pods_KonosubaTests.framework in Frameworks */ = {isa = PBXBuildFile; fileRef = 97D0A8CBF0400A933805588B /* Pods_KonosubaTests.framework */; };
		E3A015039AC756747FD141A4 /* Pods_KonosubaUITests.framework in Frameworks */ = {isa = PBXBuildFile; fileRef = 11A6FE842CB6D0BA69A14EEB /* Pods_KonosubaUITests.framework */; };
		E5773FDA21BB9B1300653E6B /* AppDelegate.swift in Sources */ = {isa = PBXBuildFile; fileRef = E5773FD921BB9B1300653E6B /* AppDelegate.swift */; };
		E5773FDC21BB9B1300653E6B /* ListViewController.swift in Sources */ = {isa = PBXBuildFile; fileRef = E5773FDB21BB9B1300653E6B /* ListViewController.swift */; };
		E5773FDF21BB9B1300653E6B /* Main.storyboard in Resources */ = {isa = PBXBuildFile; fileRef = E5773FDD21BB9B1300653E6B /* Main.storyboard */; };
		E5773FE121BB9B1400653E6B /* Assets.xcassets in Resources */ = {isa = PBXBuildFile; fileRef = E5773FE021BB9B1400653E6B /* Assets.xcassets */; };
		E5773FE421BB9B1400653E6B /* LaunchScreen.storyboard in Resources */ = {isa = PBXBuildFile; fileRef = E5773FE221BB9B1400653E6B /* LaunchScreen.storyboard */; };
		E5773FEF21BB9B1400653E6B /* KonosubaTests.swift in Sources */ = {isa = PBXBuildFile; fileRef = E5773FEE21BB9B1400653E6B /* KonosubaTests.swift */; };
		E5773FFA21BB9B1400653E6B /* KonosubaUITests.swift in Sources */ = {isa = PBXBuildFile; fileRef = E5773FF921BB9B1400653E6B /* KonosubaUITests.swift */; };
		E588606221BD7E6300D4694C /* SVProgressHUD+Rx.swift in Sources */ = {isa = PBXBuildFile; fileRef = E588606121BD7E6300D4694C /* SVProgressHUD+Rx.swift */; };
		E59ECB3B21BBA67400641CAE /* R.generated.swift in Sources */ = {isa = PBXBuildFile; fileRef = E59ECB3A21BBA67400641CAE /* R.generated.swift */; };
		E5C60CD521BD3D9900A5CBE4 /* ListViewReactor.swift in Sources */ = {isa = PBXBuildFile; fileRef = E5C60CD421BD3D9900A5CBE4 /* ListViewReactor.swift */; };
		E5C60CD821BD430400A5CBE4 /* Proposal.swift in Sources */ = {isa = PBXBuildFile; fileRef = E5C60CD721BD430400A5CBE4 /* Proposal.swift */; };
/* End PBXBuildFile section */

/* Begin PBXContainerItemProxy section */
		E5773FEB21BB9B1400653E6B /* PBXContainerItemProxy */ = {
			isa = PBXContainerItemProxy;
			containerPortal = E5773FCE21BB9B1300653E6B /* Project object */;
			proxyType = 1;
			remoteGlobalIDString = E5773FD521BB9B1300653E6B;
			remoteInfo = Konosuba;
		};
		E5773FF621BB9B1400653E6B /* PBXContainerItemProxy */ = {
			isa = PBXContainerItemProxy;
			containerPortal = E5773FCE21BB9B1300653E6B /* Project object */;
			proxyType = 1;
			remoteGlobalIDString = E5773FD521BB9B1300653E6B;
			remoteInfo = Konosuba;
		};
/* End PBXContainerItemProxy section */

/* Begin PBXFileReference section */
		03C3A9DBB2D79D658965B5D2 /* Pods-KonosubaTests.debug.xcconfig */ = {isa = PBXFileReference; includeInIndex = 1; lastKnownFileType = text.xcconfig; name = "Pods-KonosubaTests.debug.xcconfig"; path = "Pods/Target Support Files/Pods-KonosubaTests/Pods-KonosubaTests.debug.xcconfig"; sourceTree = "<group>"; };
		11A6FE842CB6D0BA69A14EEB /* Pods_KonosubaUITests.framework */ = {isa = PBXFileReference; explicitFileType = wrapper.framework; includeInIndex = 0; path = Pods_KonosubaUITests.framework; sourceTree = BUILT_PRODUCTS_DIR; };
		25B4C6BEF0D5AC5DD6D5E171 /* Pods-Konosuba.debug.xcconfig */ = {isa = PBXFileReference; includeInIndex = 1; lastKnownFileType = text.xcconfig; name = "Pods-Konosuba.debug.xcconfig"; path = "Pods/Target Support Files/Pods-Konosuba/Pods-Konosuba.debug.xcconfig"; sourceTree = "<group>"; };
		48830E058BEC515843D6E6F0 /* Pods-KonosubaUITests.release.xcconfig */ = {isa = PBXFileReference; includeInIndex = 1; lastKnownFileType = text.xcconfig; name = "Pods-KonosubaUITests.release.xcconfig"; path = "Pods/Target Support Files/Pods-KonosubaUITests/Pods-KonosubaUITests.release.xcconfig"; sourceTree = "<group>"; };
		4AFE56591A056DB7FDC512A6 /* Pods_Konosuba.framework */ = {isa = PBXFileReference; explicitFileType = wrapper.framework; includeInIndex = 0; path = Pods_Konosuba.framework; sourceTree = BUILT_PRODUCTS_DIR; };
		97D0A8CBF0400A933805588B /* Pods_KonosubaTests.framework */ = {isa = PBXFileReference; explicitFileType = wrapper.framework; includeInIndex = 0; path = Pods_KonosubaTests.framework; sourceTree = BUILT_PRODUCTS_DIR; };
		D03655E0EC120DA64B081509 /* Pods-Konosuba.release.xcconfig */ = {isa = PBXFileReference; includeInIndex = 1; lastKnownFileType = text.xcconfig; name = "Pods-Konosuba.release.xcconfig"; path = "Pods/Target Support Files/Pods-Konosuba/Pods-Konosuba.release.xcconfig"; sourceTree = "<group>"; };
		E5773FD621BB9B1300653E6B /* Konosuba.app */ = {isa = PBXFileReference; explicitFileType = wrapper.application; includeInIndex = 0; path = Konosuba.app; sourceTree = BUILT_PRODUCTS_DIR; };
		E5773FD921BB9B1300653E6B /* AppDelegate.swift */ = {isa = PBXFileReference; lastKnownFileType = sourcecode.swift; path = AppDelegate.swift; sourceTree = "<group>"; };
		E5773FDB21BB9B1300653E6B /* ListViewController.swift */ = {isa = PBXFileReference; lastKnownFileType = sourcecode.swift; path = ListViewController.swift; sourceTree = "<group>"; };
		E5773FDE21BB9B1300653E6B /* Base */ = {isa = PBXFileReference; lastKnownFileType = file.storyboard; name = Base; path = Base.lproj/Main.storyboard; sourceTree = "<group>"; };
		E5773FE021BB9B1400653E6B /* Assets.xcassets */ = {isa = PBXFileReference; lastKnownFileType = folder.assetcatalog; path = Assets.xcassets; sourceTree = "<group>"; };
		E5773FE321BB9B1400653E6B /* Base */ = {isa = PBXFileReference; lastKnownFileType = file.storyboard; name = Base; path = Base.lproj/LaunchScreen.storyboard; sourceTree = "<group>"; };
		E5773FE521BB9B1400653E6B /* Info.plist */ = {isa = PBXFileReference; lastKnownFileType = text.plist.xml; path = Info.plist; sourceTree = "<group>"; };
		E5773FEA21BB9B1400653E6B /* KonosubaTests.xctest */ = {isa = PBXFileReference; explicitFileType = wrapper.cfbundle; includeInIndex = 0; path = KonosubaTests.xctest; sourceTree = BUILT_PRODUCTS_DIR; };
		E5773FEE21BB9B1400653E6B /* KonosubaTests.swift */ = {isa = PBXFileReference; lastKnownFileType = sourcecode.swift; path = KonosubaTests.swift; sourceTree = "<group>"; };
		E5773FF021BB9B1400653E6B /* Info.plist */ = {isa = PBXFileReference; lastKnownFileType = text.plist.xml; path = Info.plist; sourceTree = "<group>"; };
		E5773FF521BB9B1400653E6B /* KonosubaUITests.xctest */ = {isa = PBXFileReference; explicitFileType = wrapper.cfbundle; includeInIndex = 0; path = KonosubaUITests.xctest; sourceTree = BUILT_PRODUCTS_DIR; };
		E5773FF921BB9B1400653E6B /* KonosubaUITests.swift */ = {isa = PBXFileReference; lastKnownFileType = sourcecode.swift; path = KonosubaUITests.swift; sourceTree = "<group>"; };
		E5773FFB21BB9B1400653E6B /* Info.plist */ = {isa = PBXFileReference; lastKnownFileType = text.plist.xml; path = Info.plist; sourceTree = "<group>"; };
		E588606121BD7E6300D4694C /* SVProgressHUD+Rx.swift */ = {isa = PBXFileReference; lastKnownFileType = sourcecode.swift; path = "SVProgressHUD+Rx.swift"; sourceTree = "<group>"; };
		E59ECB3A21BBA67400641CAE /* R.generated.swift */ = {isa = PBXFileReference; fileEncoding = 4; lastKnownFileType = sourcecode.swift; path = R.generated.swift; sourceTree = "<group>"; };
		E5C60CD421BD3D9900A5CBE4 /* ListViewReactor.swift */ = {isa = PBXFileReference; lastKnownFileType = sourcecode.swift; path = ListViewReactor.swift; sourceTree = "<group>"; };
		E5C60CD721BD430400A5CBE4 /* Proposal.swift */ = {isa = PBXFileReference; lastKnownFileType = sourcecode.swift; path = Proposal.swift; sourceTree = "<group>"; };
		F7BA8973549CB3930CD46D8F /* Pods-KonosubaTests.release.xcconfig */ = {isa = PBXFileReference; includeInIndex = 1; lastKnownFileType = text.xcconfig; name = "Pods-KonosubaTests.release.xcconfig"; path = "Pods/Target Support Files/Pods-KonosubaTests/Pods-KonosubaTests.release.xcconfig"; sourceTree = "<group>"; };
		F832DAFF1143436E24C20C72 /* Pods-KonosubaUITests.debug.xcconfig */ = {isa = PBXFileReference; includeInIndex = 1; lastKnownFileType = text.xcconfig; name = "Pods-KonosubaUITests.debug.xcconfig"; path = "Pods/Target Support Files/Pods-KonosubaUITests/Pods-KonosubaUITests.debug.xcconfig"; sourceTree = "<group>"; };
/* End PBXFileReference section */

/* Begin PBXFrameworksBuildPhase section */
		E5773FD321BB9B1300653E6B /* Frameworks */ = {
			isa = PBXFrameworksBuildPhase;
			buildActionMask = 2147483647;
			files = (
				AF1A623C350A787878C269B6 /* Pods_Konosuba.framework in Frameworks */,
			);
			runOnlyForDeploymentPostprocessing = 0;
		};
		E5773FE721BB9B1400653E6B /* Frameworks */ = {
			isa = PBXFrameworksBuildPhase;
			buildActionMask = 2147483647;
			files = (
				B44F07F51B25803D04C58F03 /* Pods_KonosubaTests.framework in Frameworks */,
			);
			runOnlyForDeploymentPostprocessing = 0;
		};
		E5773FF221BB9B1400653E6B /* Frameworks */ = {
			isa = PBXFrameworksBuildPhase;
			buildActionMask = 2147483647;
			files = (
				E3A015039AC756747FD141A4 /* Pods_KonosubaUITests.framework in Frameworks */,
			);
			runOnlyForDeploymentPostprocessing = 0;
		};
/* End PBXFrameworksBuildPhase section */

/* Begin PBXGroup section */
		B4BFC0BD42A97480292D3D6B /* Frameworks */ = {
			isa = PBXGroup;
			children = (
				4AFE56591A056DB7FDC512A6 /* Pods_Konosuba.framework */,
				97D0A8CBF0400A933805588B /* Pods_KonosubaTests.framework */,
				11A6FE842CB6D0BA69A14EEB /* Pods_KonosubaUITests.framework */,
			);
			name = Frameworks;
			sourceTree = "<group>";
		};
		E0E9F71B5CE0320A8F5DF99B /* Pods */ = {
			isa = PBXGroup;
			children = (
				25B4C6BEF0D5AC5DD6D5E171 /* Pods-Konosuba.debug.xcconfig */,
				D03655E0EC120DA64B081509 /* Pods-Konosuba.release.xcconfig */,
				03C3A9DBB2D79D658965B5D2 /* Pods-KonosubaTests.debug.xcconfig */,
				F7BA8973549CB3930CD46D8F /* Pods-KonosubaTests.release.xcconfig */,
				F832DAFF1143436E24C20C72 /* Pods-KonosubaUITests.debug.xcconfig */,
				48830E058BEC515843D6E6F0 /* Pods-KonosubaUITests.release.xcconfig */,
			);
			name = Pods;
			sourceTree = "<group>";
		};
		E5773FCD21BB9B1300653E6B = {
			isa = PBXGroup;
			children = (
				E5773FD821BB9B1300653E6B /* Konosuba */,
				E5773FED21BB9B1400653E6B /* KonosubaTests */,
				E5773FF821BB9B1400653E6B /* KonosubaUITests */,
				E5773FD721BB9B1300653E6B /* Products */,
				E0E9F71B5CE0320A8F5DF99B /* Pods */,
				B4BFC0BD42A97480292D3D6B /* Frameworks */,
				E59ECB3A21BBA67400641CAE /* R.generated.swift */,
			);
			sourceTree = "<group>";
		};
		E5773FD721BB9B1300653E6B /* Products */ = {
			isa = PBXGroup;
			children = (
				E5773FD621BB9B1300653E6B /* Konosuba.app */,
				E5773FEA21BB9B1400653E6B /* KonosubaTests.xctest */,
				E5773FF521BB9B1400653E6B /* KonosubaUITests.xctest */,
			);
			name = Products;
			sourceTree = "<group>";
		};
		E5773FD821BB9B1300653E6B /* Konosuba */ = {
			isa = PBXGroup;
			children = (
				E588606021BD7E3F00D4694C /* Extension */,
				E5C60CD321BD37AB00A5CBE4 /* View */,
				E5C60CD621BD42F200A5CBE4 /* Entity */,
				E5773FD921BB9B1300653E6B /* AppDelegate.swift */,
				E5773FDD21BB9B1300653E6B /* Main.storyboard */,
				E5773FE021BB9B1400653E6B /* Assets.xcassets */,
				E5773FE221BB9B1400653E6B /* LaunchScreen.storyboard */,
				E5773FE521BB9B1400653E6B /* Info.plist */,
			);
			path = Konosuba;
			sourceTree = "<group>";
		};
		E5773FED21BB9B1400653E6B /* KonosubaTests */ = {
			isa = PBXGroup;
			children = (
				E5773FEE21BB9B1400653E6B /* KonosubaTests.swift */,
				E5773FF021BB9B1400653E6B /* Info.plist */,
			);
			path = KonosubaTests;
			sourceTree = "<group>";
		};
		E5773FF821BB9B1400653E6B /* KonosubaUITests */ = {
			isa = PBXGroup;
			children = (
				E5773FF921BB9B1400653E6B /* KonosubaUITests.swift */,
				E5773FFB21BB9B1400653E6B /* Info.plist */,
			);
			path = KonosubaUITests;
			sourceTree = "<group>";
		};
		E588606021BD7E3F00D4694C /* Extension */ = {
			isa = PBXGroup;
			children = (
				E588606121BD7E6300D4694C /* SVProgressHUD+Rx.swift */,
			);
			path = Extension;
			sourceTree = "<group>";
		};
		E5C60CD321BD37AB00A5CBE4 /* View */ = {
			isa = PBXGroup;
			children = (
				E5773FDB21BB9B1300653E6B /* ListViewController.swift */,
				E5C60CD421BD3D9900A5CBE4 /* ListViewReactor.swift */,
			);
			path = View;
			sourceTree = "<group>";
		};
		E5C60CD621BD42F200A5CBE4 /* Entity */ = {
			isa = PBXGroup;
			children = (
				E5C60CD721BD430400A5CBE4 /* Proposal.swift */,
			);
			path = Entity;
			sourceTree = "<group>";
		};
/* End PBXGroup section */

/* Begin PBXNativeTarget section */
		E5773FD521BB9B1300653E6B /* Konosuba */ = {
			isa = PBXNativeTarget;
			buildConfigurationList = E5773FFE21BB9B1400653E6B /* Build configuration list for PBXNativeTarget "Konosuba" */;
			buildPhases = (
				F5E64D0D11D0E9DF6284A3AA /* [CP] Check Pods Manifest.lock */,
				16E461510E72277D9F43DC8D /* [CP-User] 1. R.swift */,
				C1A006C5E95E07CD0C1BA633 /* [CP-User] 2. SwiftFormat */,
				611AE22094C74A80F6529D32 /* [CP-User] 3. SwiftLint */,
				E5773FD221BB9B1300653E6B /* Sources */,
				E5773FD321BB9B1300653E6B /* Frameworks */,
				E5773FD421BB9B1300653E6B /* Resources */,
				510FB01590748D0B4EFD3A9C /* [CP] Embed Pods Frameworks */,
			);
			buildRules = (
			);
			dependencies = (
			);
			name = Konosuba;
			productName = Konosuba;
			productReference = E5773FD621BB9B1300653E6B /* Konosuba.app */;
			productType = "com.apple.product-type.application";
		};
		E5773FE921BB9B1400653E6B /* KonosubaTests */ = {
			isa = PBXNativeTarget;
			buildConfigurationList = E577400121BB9B1400653E6B /* Build configuration list for PBXNativeTarget "KonosubaTests" */;
			buildPhases = (
				B6DBFAD5823EFE72172B112B /* [CP] Check Pods Manifest.lock */,
				E5773FE621BB9B1400653E6B /* Sources */,
				E5773FE721BB9B1400653E6B /* Frameworks */,
				E5773FE821BB9B1400653E6B /* Resources */,
			);
			buildRules = (
			);
			dependencies = (
				E5773FEC21BB9B1400653E6B /* PBXTargetDependency */,
			);
			name = KonosubaTests;
			productName = KonosubaTests;
			productReference = E5773FEA21BB9B1400653E6B /* KonosubaTests.xctest */;
			productType = "com.apple.product-type.bundle.unit-test";
		};
		E5773FF421BB9B1400653E6B /* KonosubaUITests */ = {
			isa = PBXNativeTarget;
			buildConfigurationList = E577400421BB9B1400653E6B /* Build configuration list for PBXNativeTarget "KonosubaUITests" */;
			buildPhases = (
				0878EED81F6899DD803287ED /* [CP] Check Pods Manifest.lock */,
				E5773FF121BB9B1400653E6B /* Sources */,
				E5773FF221BB9B1400653E6B /* Frameworks */,
				E5773FF321BB9B1400653E6B /* Resources */,
			);
			buildRules = (
			);
			dependencies = (
				E5773FF721BB9B1400653E6B /* PBXTargetDependency */,
			);
			name = KonosubaUITests;
			productName = KonosubaUITests;
			productReference = E5773FF521BB9B1400653E6B /* KonosubaUITests.xctest */;
			productType = "com.apple.product-type.bundle.ui-testing";
		};
/* End PBXNativeTarget section */

/* Begin PBXProject section */
		E5773FCE21BB9B1300653E6B /* Project object */ = {
			isa = PBXProject;
			attributes = {
				LastSwiftUpdateCheck = 1000;
				LastUpgradeCheck = 1000;
				ORGANIZATIONNAME = "Yusuke Hosonuma";
				TargetAttributes = {
					E5773FD521BB9B1300653E6B = {
						CreatedOnToolsVersion = 10.0;
					};
					E5773FE921BB9B1400653E6B = {
						CreatedOnToolsVersion = 10.0;
						TestTargetID = E5773FD521BB9B1300653E6B;
					};
					E5773FF421BB9B1400653E6B = {
						CreatedOnToolsVersion = 10.0;
						TestTargetID = E5773FD521BB9B1300653E6B;
					};
				};
			};
			buildConfigurationList = E5773FD121BB9B1300653E6B /* Build configuration list for PBXProject "Konosuba" */;
			compatibilityVersion = "Xcode 9.3";
			developmentRegion = en;
			hasScannedForEncodings = 0;
			knownRegions = (
				en,
				Base,
			);
			mainGroup = E5773FCD21BB9B1300653E6B;
			productRefGroup = E5773FD721BB9B1300653E6B /* Products */;
			projectDirPath = "";
			projectRoot = "";
			targets = (
				E5773FD521BB9B1300653E6B /* Konosuba */,
				E5773FE921BB9B1400653E6B /* KonosubaTests */,
				E5773FF421BB9B1400653E6B /* KonosubaUITests */,
			);
		};
/* End PBXProject section */

/* Begin PBXResourcesBuildPhase section */
		E5773FD421BB9B1300653E6B /* Resources */ = {
			isa = PBXResourcesBuildPhase;
			buildActionMask = 2147483647;
			files = (
				E5773FE421BB9B1400653E6B /* LaunchScreen.storyboard in Resources */,
				E5773FE121BB9B1400653E6B /* Assets.xcassets in Resources */,
				E5773FDF21BB9B1300653E6B /* Main.storyboard in Resources */,
			);
			runOnlyForDeploymentPostprocessing = 0;
		};
		E5773FE821BB9B1400653E6B /* Resources */ = {
			isa = PBXResourcesBuildPhase;
			buildActionMask = 2147483647;
			files = (
			);
			runOnlyForDeploymentPostprocessing = 0;
		};
		E5773FF321BB9B1400653E6B /* Resources */ = {
			isa = PBXResourcesBuildPhase;
			buildActionMask = 2147483647;
			files = (
			);
			runOnlyForDeploymentPostprocessing = 0;
		};
/* End PBXResourcesBuildPhase section */

/* Begin PBXShellScriptBuildPhase section */
		0878EED81F6899DD803287ED /* [CP] Check Pods Manifest.lock */ = {
			isa = PBXShellScriptBuildPhase;
			buildActionMask = 2147483647;
			files = (
			);
			inputFileListPaths = (
			);
			inputPaths = (
				"${PODS_PODFILE_DIR_PATH}/Podfile.lock",
				"${PODS_ROOT}/Manifest.lock",
			);
			name = "[CP] Check Pods Manifest.lock";
			outputFileListPaths = (
			);
			outputPaths = (
				"$(DERIVED_FILE_DIR)/Pods-KonosubaUITests-checkManifestLockResult.txt",
			);
			runOnlyForDeploymentPostprocessing = 0;
			shellPath = /bin/sh;
			shellScript = "diff \"${PODS_PODFILE_DIR_PATH}/Podfile.lock\" \"${PODS_ROOT}/Manifest.lock\" > /dev/null\nif [ $? != 0 ] ; then\n    # print error to STDERR\n    echo \"error: The sandbox is not in sync with the Podfile.lock. Run 'pod install' or update your CocoaPods installation.\" >&2\n    exit 1\nfi\n# This output is used by Xcode 'outputs' to avoid re-running this script phase.\necho \"SUCCESS\" > \"${SCRIPT_OUTPUT_FILE_0}\"\n";
			showEnvVarsInLog = 0;
		};
		16E461510E72277D9F43DC8D /* [CP-User] 1. R.swift */ = {
			isa = PBXShellScriptBuildPhase;
			buildActionMask = 2147483647;
			files = (
			);
			inputFileListPaths = (
			);
			inputPaths = (
			);
			name = "[CP-User] 1. R.swift";
			outputFileListPaths = (
			);
			outputPaths = (
			);
			runOnlyForDeploymentPostprocessing = 0;
			shellPath = /bin/sh;
			shellScript = "\"$PODS_ROOT/R.swift/rswift\" generate \"$SRCROOT\"";
			showEnvVarsInLog = 0;
		};
		510FB01590748D0B4EFD3A9C /* [CP] Embed Pods Frameworks */ = {
			isa = PBXShellScriptBuildPhase;
			buildActionMask = 2147483647;
			files = (
			);
			inputFileListPaths = (
			);
			inputPaths = (
				"${SRCROOT}/Pods/Target Support Files/Pods-Konosuba/Pods-Konosuba-frameworks.sh",
				"${BUILT_PRODUCTS_DIR}/Alamofire/Alamofire.framework",
				"${BUILT_PRODUCTS_DIR}/GTMSessionFetcher/GTMSessionFetcher.framework",
				"${BUILT_PRODUCTS_DIR}/GoogleUtilities/GoogleUtilities.framework",
				"${BUILT_PRODUCTS_DIR}/R.swift.Library/Rswift.framework",
				"${BUILT_PRODUCTS_DIR}/ReactorKit/ReactorKit.framework",
				"${BUILT_PRODUCTS_DIR}/RxAtomic/RxAtomic.framework",
				"${BUILT_PRODUCTS_DIR}/RxCocoa/RxCocoa.framework",
				"${BUILT_PRODUCTS_DIR}/RxSwift/RxSwift.framework",
				"${BUILT_PRODUCTS_DIR}/SVProgressHUD/SVProgressHUD.framework",
				"${BUILT_PRODUCTS_DIR}/nanopb/nanopb.framework",
			);
			name = "[CP] Embed Pods Frameworks";
			outputFileListPaths = (
			);
			outputPaths = (
				"${TARGET_BUILD_DIR}/${FRAMEWORKS_FOLDER_PATH}/Alamofire.framework",
				"${TARGET_BUILD_DIR}/${FRAMEWORKS_FOLDER_PATH}/GTMSessionFetcher.framework",
				"${TARGET_BUILD_DIR}/${FRAMEWORKS_FOLDER_PATH}/GoogleUtilities.framework",
				"${TARGET_BUILD_DIR}/${FRAMEWORKS_FOLDER_PATH}/Rswift.framework",
				"${TARGET_BUILD_DIR}/${FRAMEWORKS_FOLDER_PATH}/ReactorKit.framework",
				"${TARGET_BUILD_DIR}/${FRAMEWORKS_FOLDER_PATH}/RxAtomic.framework",
				"${TARGET_BUILD_DIR}/${FRAMEWORKS_FOLDER_PATH}/RxCocoa.framework",
				"${TARGET_BUILD_DIR}/${FRAMEWORKS_FOLDER_PATH}/RxSwift.framework",
				"${TARGET_BUILD_DIR}/${FRAMEWORKS_FOLDER_PATH}/SVProgressHUD.framework",
				"${TARGET_BUILD_DIR}/${FRAMEWORKS_FOLDER_PATH}/nanopb.framework",
			);
			runOnlyForDeploymentPostprocessing = 0;
			shellPath = /bin/sh;
			shellScript = "\"${SRCROOT}/Pods/Target Support Files/Pods-Konosuba/Pods-Konosuba-frameworks.sh\"\n";
			showEnvVarsInLog = 0;
		};
		611AE22094C74A80F6529D32 /* [CP-User] 3. SwiftLint */ = {
			isa = PBXShellScriptBuildPhase;
			buildActionMask = 2147483647;
			files = (
			);
			inputFileListPaths = (
			);
			inputPaths = (
			);
			name = "[CP-User] 3. SwiftLint";
			outputFileListPaths = (
			);
			outputPaths = (
			);
			runOnlyForDeploymentPostprocessing = 0;
			shellPath = /bin/sh;
			shellScript = "\"${PODS_ROOT}/SwiftLint/swiftlint\"";
			showEnvVarsInLog = 0;
		};
		B6DBFAD5823EFE72172B112B /* [CP] Check Pods Manifest.lock */ = {
			isa = PBXShellScriptBuildPhase;
			buildActionMask = 2147483647;
			files = (
			);
			inputFileListPaths = (
			);
			inputPaths = (
				"${PODS_PODFILE_DIR_PATH}/Podfile.lock",
				"${PODS_ROOT}/Manifest.lock",
			);
			name = "[CP] Check Pods Manifest.lock";
			outputFileListPaths = (
			);
			outputPaths = (
				"$(DERIVED_FILE_DIR)/Pods-KonosubaTests-checkManifestLockResult.txt",
			);
			runOnlyForDeploymentPostprocessing = 0;
			shellPath = /bin/sh;
			shellScript = "diff \"${PODS_PODFILE_DIR_PATH}/Podfile.lock\" \"${PODS_ROOT}/Manifest.lock\" > /dev/null\nif [ $? != 0 ] ; then\n    # print error to STDERR\n    echo \"error: The sandbox is not in sync with the Podfile.lock. Run 'pod install' or update your CocoaPods installation.\" >&2\n    exit 1\nfi\n# This output is used by Xcode 'outputs' to avoid re-running this script phase.\necho \"SUCCESS\" > \"${SCRIPT_OUTPUT_FILE_0}\"\n";
			showEnvVarsInLog = 0;
		};
		C1A006C5E95E07CD0C1BA633 /* [CP-User] 2. SwiftFormat */ = {
			isa = PBXShellScriptBuildPhase;
			buildActionMask = 2147483647;
			files = (
			);
			inputFileListPaths = (
			);
			inputPaths = (
			);
			name = "[CP-User] 2. SwiftFormat";
			outputFileListPaths = (
			);
			outputPaths = (
			);
			runOnlyForDeploymentPostprocessing = 0;
			shellPath = /bin/sh;
			shellScript = "\"${PODS_ROOT}/SwiftFormat/CommandLineTool/swiftformat\" \"${SRCROOT}\"";
			showEnvVarsInLog = 0;
		};
		F5E64D0D11D0E9DF6284A3AA /* [CP] Check Pods Manifest.lock */ = {
			isa = PBXShellScriptBuildPhase;
			buildActionMask = 2147483647;
			files = (
			);
			inputFileListPaths = (
			);
			inputPaths = (
				"${PODS_PODFILE_DIR_PATH}/Podfile.lock",
				"${PODS_ROOT}/Manifest.lock",
			);
			name = "[CP] Check Pods Manifest.lock";
			outputFileListPaths = (
			);
			outputPaths = (
				"$(DERIVED_FILE_DIR)/Pods-Konosuba-checkManifestLockResult.txt",
			);
			runOnlyForDeploymentPostprocessing = 0;
			shellPath = /bin/sh;
			shellScript = "diff \"${PODS_PODFILE_DIR_PATH}/Podfile.lock\" \"${PODS_ROOT}/Manifest.lock\" > /dev/null\nif [ $? != 0 ] ; then\n    # print error to STDERR\n    echo \"error: The sandbox is not in sync with the Podfile.lock. Run 'pod install' or update your CocoaPods installation.\" >&2\n    exit 1\nfi\n# This output is used by Xcode 'outputs' to avoid re-running this script phase.\necho \"SUCCESS\" > \"${SCRIPT_OUTPUT_FILE_0}\"\n";
			showEnvVarsInLog = 0;
		};
/* End PBXShellScriptBuildPhase section */

/* Begin PBXSourcesBuildPhase section */
		E5773FD221BB9B1300653E6B /* Sources */ = {
			isa = PBXSourcesBuildPhase;
			buildActionMask = 2147483647;
			files = (
				E5773FDC21BB9B1300653E6B /* ListViewController.swift in Sources */,
				E5C60CD821BD430400A5CBE4 /* Proposal.swift in Sources */,
				E5773FDA21BB9B1300653E6B /* AppDelegate.swift in Sources */,
				E59ECB3B21BBA67400641CAE /* R.generated.swift in Sources */,
				E5C60CD521BD3D9900A5CBE4 /* ListViewReactor.swift in Sources */,
				E588606221BD7E6300D4694C /* SVProgressHUD+Rx.swift in Sources */,
			);
			runOnlyForDeploymentPostprocessing = 0;
		};
		E5773FE621BB9B1400653E6B /* Sources */ = {
			isa = PBXSourcesBuildPhase;
			buildActionMask = 2147483647;
			files = (
				E5773FEF21BB9B1400653E6B /* KonosubaTests.swift in Sources */,
			);
			runOnlyForDeploymentPostprocessing = 0;
		};
		E5773FF121BB9B1400653E6B /* Sources */ = {
			isa = PBXSourcesBuildPhase;
			buildActionMask = 2147483647;
			files = (
				E5773FFA21BB9B1400653E6B /* KonosubaUITests.swift in Sources */,
			);
			runOnlyForDeploymentPostprocessing = 0;
		};
/* End PBXSourcesBuildPhase section */

/* Begin PBXTargetDependency section */
		E5773FEC21BB9B1400653E6B /* PBXTargetDependency */ = {
			isa = PBXTargetDependency;
			target = E5773FD521BB9B1300653E6B /* Konosuba */;
			targetProxy = E5773FEB21BB9B1400653E6B /* PBXContainerItemProxy */;
		};
		E5773FF721BB9B1400653E6B /* PBXTargetDependency */ = {
			isa = PBXTargetDependency;
			target = E5773FD521BB9B1300653E6B /* Konosuba */;
			targetProxy = E5773FF621BB9B1400653E6B /* PBXContainerItemProxy */;
		};
/* End PBXTargetDependency section */

/* Begin PBXVariantGroup section */
		E5773FDD21BB9B1300653E6B /* Main.storyboard */ = {
			isa = PBXVariantGroup;
			children = (
				E5773FDE21BB9B1300653E6B /* Base */,
			);
			name = Main.storyboard;
			sourceTree = "<group>";
		};
		E5773FE221BB9B1400653E6B /* LaunchScreen.storyboard */ = {
			isa = PBXVariantGroup;
			children = (
				E5773FE321BB9B1400653E6B /* Base */,
			);
			name = LaunchScreen.storyboard;
			sourceTree = "<group>";
		};
/* End PBXVariantGroup section */

/* Begin XCBuildConfiguration section */
		E5773FFC21BB9B1400653E6B /* Debug */ = {
			isa = XCBuildConfiguration;
			buildSettings = {
				ALWAYS_SEARCH_USER_PATHS = NO;
				CLANG_ANALYZER_NONNULL = YES;
				CLANG_ANALYZER_NUMBER_OBJECT_CONVERSION = YES_AGGRESSIVE;
				CLANG_CXX_LANGUAGE_STANDARD = "gnu++14";
				CLANG_CXX_LIBRARY = "libc++";
				CLANG_ENABLE_MODULES = YES;
				CLANG_ENABLE_OBJC_ARC = YES;
				CLANG_ENABLE_OBJC_WEAK = YES;
				CLANG_WARN_BLOCK_CAPTURE_AUTORELEASING = YES;
				CLANG_WARN_BOOL_CONVERSION = YES;
				CLANG_WARN_COMMA = YES;
				CLANG_WARN_CONSTANT_CONVERSION = YES;
				CLANG_WARN_DEPRECATED_OBJC_IMPLEMENTATIONS = YES;
				CLANG_WARN_DIRECT_OBJC_ISA_USAGE = YES_ERROR;
				CLANG_WARN_DOCUMENTATION_COMMENTS = YES;
				CLANG_WARN_EMPTY_BODY = YES;
				CLANG_WARN_ENUM_CONVERSION = YES;
				CLANG_WARN_INFINITE_RECURSION = YES;
				CLANG_WARN_INT_CONVERSION = YES;
				CLANG_WARN_NON_LITERAL_NULL_CONVERSION = YES;
				CLANG_WARN_OBJC_IMPLICIT_RETAIN_SELF = YES;
				CLANG_WARN_OBJC_LITERAL_CONVERSION = YES;
				CLANG_WARN_OBJC_ROOT_CLASS = YES_ERROR;
				CLANG_WARN_RANGE_LOOP_ANALYSIS = YES;
				CLANG_WARN_STRICT_PROTOTYPES = YES;
				CLANG_WARN_SUSPICIOUS_MOVE = YES;
				CLANG_WARN_UNGUARDED_AVAILABILITY = YES_AGGRESSIVE;
				CLANG_WARN_UNREACHABLE_CODE = YES;
				CLANG_WARN__DUPLICATE_METHOD_MATCH = YES;
				CODE_SIGN_IDENTITY = "iPhone Developer";
				COPY_PHASE_STRIP = NO;
				DEBUG_INFORMATION_FORMAT = dwarf;
				ENABLE_STRICT_OBJC_MSGSEND = YES;
				ENABLE_TESTABILITY = YES;
				GCC_C_LANGUAGE_STANDARD = gnu11;
				GCC_DYNAMIC_NO_PIC = NO;
				GCC_NO_COMMON_BLOCKS = YES;
				GCC_OPTIMIZATION_LEVEL = 0;
				GCC_PREPROCESSOR_DEFINITIONS = (
					"DEBUG=1",
					"$(inherited)",
				);
				GCC_WARN_64_TO_32_BIT_CONVERSION = YES;
				GCC_WARN_ABOUT_RETURN_TYPE = YES_ERROR;
				GCC_WARN_UNDECLARED_SELECTOR = YES;
				GCC_WARN_UNINITIALIZED_AUTOS = YES_AGGRESSIVE;
				GCC_WARN_UNUSED_FUNCTION = YES;
				GCC_WARN_UNUSED_VARIABLE = YES;
				IPHONEOS_DEPLOYMENT_TARGET = 12.0;
				MTL_ENABLE_DEBUG_INFO = INCLUDE_SOURCE;
				MTL_FAST_MATH = YES;
				ONLY_ACTIVE_ARCH = YES;
				SDKROOT = iphoneos;
				SWIFT_ACTIVE_COMPILATION_CONDITIONS = DEBUG;
				SWIFT_OPTIMIZATION_LEVEL = "-Onone";
			};
			name = Debug;
		};
		E5773FFD21BB9B1400653E6B /* Release */ = {
			isa = XCBuildConfiguration;
			buildSettings = {
				ALWAYS_SEARCH_USER_PATHS = NO;
				CLANG_ANALYZER_NONNULL = YES;
				CLANG_ANALYZER_NUMBER_OBJECT_CONVERSION = YES_AGGRESSIVE;
				CLANG_CXX_LANGUAGE_STANDARD = "gnu++14";
				CLANG_CXX_LIBRARY = "libc++";
				CLANG_ENABLE_MODULES = YES;
				CLANG_ENABLE_OBJC_ARC = YES;
				CLANG_ENABLE_OBJC_WEAK = YES;
				CLANG_WARN_BLOCK_CAPTURE_AUTORELEASING = YES;
				CLANG_WARN_BOOL_CONVERSION = YES;
				CLANG_WARN_COMMA = YES;
				CLANG_WARN_CONSTANT_CONVERSION = YES;
				CLANG_WARN_DEPRECATED_OBJC_IMPLEMENTATIONS = YES;
				CLANG_WARN_DIRECT_OBJC_ISA_USAGE = YES_ERROR;
				CLANG_WARN_DOCUMENTATION_COMMENTS = YES;
				CLANG_WARN_EMPTY_BODY = YES;
				CLANG_WARN_ENUM_CONVERSION = YES;
				CLANG_WARN_INFINITE_RECURSION = YES;
				CLANG_WARN_INT_CONVERSION = YES;
				CLANG_WARN_NON_LITERAL_NULL_CONVERSION = YES;
				CLANG_WARN_OBJC_IMPLICIT_RETAIN_SELF = YES;
				CLANG_WARN_OBJC_LITERAL_CONVERSION = YES;
				CLANG_WARN_OBJC_ROOT_CLASS = YES_ERROR;
				CLANG_WARN_RANGE_LOOP_ANALYSIS = YES;
				CLANG_WARN_STRICT_PROTOTYPES = YES;
				CLANG_WARN_SUSPICIOUS_MOVE = YES;
				CLANG_WARN_UNGUARDED_AVAILABILITY = YES_AGGRESSIVE;
				CLANG_WARN_UNREACHABLE_CODE = YES;
				CLANG_WARN__DUPLICATE_METHOD_MATCH = YES;
				CODE_SIGN_IDENTITY = "iPhone Developer";
				COPY_PHASE_STRIP = NO;
				DEBUG_INFORMATION_FORMAT = "dwarf-with-dsym";
				ENABLE_NS_ASSERTIONS = NO;
				ENABLE_STRICT_OBJC_MSGSEND = YES;
				GCC_C_LANGUAGE_STANDARD = gnu11;
				GCC_NO_COMMON_BLOCKS = YES;
				GCC_WARN_64_TO_32_BIT_CONVERSION = YES;
				GCC_WARN_ABOUT_RETURN_TYPE = YES_ERROR;
				GCC_WARN_UNDECLARED_SELECTOR = YES;
				GCC_WARN_UNINITIALIZED_AUTOS = YES_AGGRESSIVE;
				GCC_WARN_UNUSED_FUNCTION = YES;
				GCC_WARN_UNUSED_VARIABLE = YES;
				IPHONEOS_DEPLOYMENT_TARGET = 12.0;
				MTL_ENABLE_DEBUG_INFO = NO;
				MTL_FAST_MATH = YES;
				SDKROOT = iphoneos;
				SWIFT_COMPILATION_MODE = wholemodule;
				SWIFT_OPTIMIZATION_LEVEL = "-O";
				VALIDATE_PRODUCT = YES;
			};
			name = Release;
		};
		E5773FFF21BB9B1400653E6B /* Debug */ = {
			isa = XCBuildConfiguration;
			baseConfigurationReference = 25B4C6BEF0D5AC5DD6D5E171 /* Pods-Konosuba.debug.xcconfig */;
			buildSettings = {
				ASSETCATALOG_COMPILER_APPICON_NAME = AppIcon;
				CODE_SIGN_STYLE = Automatic;
				DEVELOPMENT_TEAM = P437HSA6PY;
				INFOPLIST_FILE = Konosuba/Info.plist;
				LD_RUNPATH_SEARCH_PATHS = (
					"$(inherited)",
					"@executable_path/Frameworks",
				);
				PRODUCT_BUNDLE_IDENTIFIER = tech.penginmura.Konosuba;
				PRODUCT_NAME = "$(TARGET_NAME)";
				SWIFT_VERSION = 4.2;
				TARGETED_DEVICE_FAMILY = "1,2";
			};
			name = Debug;
		};
		E577400021BB9B1400653E6B /* Release */ = {
			isa = XCBuildConfiguration;
			baseConfigurationReference = D03655E0EC120DA64B081509 /* Pods-Konosuba.release.xcconfig */;
			buildSettings = {
				ASSETCATALOG_COMPILER_APPICON_NAME = AppIcon;
				CODE_SIGN_STYLE = Automatic;
				DEVELOPMENT_TEAM = P437HSA6PY;
				INFOPLIST_FILE = Konosuba/Info.plist;
				LD_RUNPATH_SEARCH_PATHS = (
					"$(inherited)",
					"@executable_path/Frameworks",
				);
				PRODUCT_BUNDLE_IDENTIFIER = tech.penginmura.Konosuba;
				PRODUCT_NAME = "$(TARGET_NAME)";
				SWIFT_VERSION = 4.2;
				TARGETED_DEVICE_FAMILY = "1,2";
			};
			name = Release;
		};
		E577400221BB9B1400653E6B /* Debug */ = {
			isa = XCBuildConfiguration;
			baseConfigurationReference = 03C3A9DBB2D79D658965B5D2 /* Pods-KonosubaTests.debug.xcconfig */;
			buildSettings = {
				ALWAYS_EMBED_SWIFT_STANDARD_LIBRARIES = YES;
				BUNDLE_LOADER = "$(TEST_HOST)";
				CODE_SIGN_STYLE = Automatic;
				DEVELOPMENT_TEAM = P437HSA6PY;
				INFOPLIST_FILE = KonosubaTests/Info.plist;
				LD_RUNPATH_SEARCH_PATHS = (
					"$(inherited)",
					"@executable_path/Frameworks",
					"@loader_path/Frameworks",
				);
				PRODUCT_BUNDLE_IDENTIFIER = tech.penginmura.KonosubaTests;
				PRODUCT_NAME = "$(TARGET_NAME)";
				SWIFT_VERSION = 4.2;
				TARGETED_DEVICE_FAMILY = "1,2";
				TEST_HOST = "$(BUILT_PRODUCTS_DIR)/Konosuba.app/Konosuba";
			};
			name = Debug;
		};
		E577400321BB9B1400653E6B /* Release */ = {
			isa = XCBuildConfiguration;
			baseConfigurationReference = F7BA8973549CB3930CD46D8F /* Pods-KonosubaTests.release.xcconfig */;
			buildSettings = {
				ALWAYS_EMBED_SWIFT_STANDARD_LIBRARIES = YES;
				BUNDLE_LOADER = "$(TEST_HOST)";
				CODE_SIGN_STYLE = Automatic;
				DEVELOPMENT_TEAM = P437HSA6PY;
				INFOPLIST_FILE = KonosubaTests/Info.plist;
				LD_RUNPATH_SEARCH_PATHS = (
					"$(inherited)",
					"@executable_path/Frameworks",
					"@loader_path/Frameworks",
				);
				PRODUCT_BUNDLE_IDENTIFIER = tech.penginmura.KonosubaTests;
				PRODUCT_NAME = "$(TARGET_NAME)";
				SWIFT_VERSION = 4.2;
				TARGETED_DEVICE_FAMILY = "1,2";
				TEST_HOST = "$(BUILT_PRODUCTS_DIR)/Konosuba.app/Konosuba";
			};
			name = Release;
		};
		E577400521BB9B1400653E6B /* Debug */ = {
			isa = XCBuildConfiguration;
			baseConfigurationReference = F832DAFF1143436E24C20C72 /* Pods-KonosubaUITests.debug.xcconfig */;
			buildSettings = {
				ALWAYS_EMBED_SWIFT_STANDARD_LIBRARIES = YES;
				CODE_SIGN_STYLE = Automatic;
				DEVELOPMENT_TEAM = P437HSA6PY;
				INFOPLIST_FILE = KonosubaUITests/Info.plist;
				LD_RUNPATH_SEARCH_PATHS = (
					"$(inherited)",
					"@executable_path/Frameworks",
					"@loader_path/Frameworks",
				);
				PRODUCT_BUNDLE_IDENTIFIER = tech.penginmura.KonosubaUITests;
				PRODUCT_NAME = "$(TARGET_NAME)";
				SWIFT_VERSION = 4.2;
				TARGETED_DEVICE_FAMILY = "1,2";
				TEST_TARGET_NAME = Konosuba;
			};
			name = Debug;
		};
		E577400621BB9B1400653E6B /* Release */ = {
			isa = XCBuildConfiguration;
			baseConfigurationReference = 48830E058BEC515843D6E6F0 /* Pods-KonosubaUITests.release.xcconfig */;
			buildSettings = {
				ALWAYS_EMBED_SWIFT_STANDARD_LIBRARIES = YES;
				CODE_SIGN_STYLE = Automatic;
				DEVELOPMENT_TEAM = P437HSA6PY;
				INFOPLIST_FILE = KonosubaUITests/Info.plist;
				LD_RUNPATH_SEARCH_PATHS = (
					"$(inherited)",
					"@executable_path/Frameworks",
					"@loader_path/Frameworks",
				);
				PRODUCT_BUNDLE_IDENTIFIER = tech.penginmura.KonosubaUITests;
				PRODUCT_NAME = "$(TARGET_NAME)";
				SWIFT_VERSION = 4.2;
				TARGETED_DEVICE_FAMILY = "1,2";
				TEST_TARGET_NAME = Konosuba;
			};
			name = Release;
		};
/* End XCBuildConfiguration section */

/* Begin XCConfigurationList section */
		E5773FD121BB9B1300653E6B /* Build configuration list for PBXProject "Konosuba" */ = {
			isa = XCConfigurationList;
			buildConfigurations = (
				E5773FFC21BB9B1400653E6B /* Debug */,
				E5773FFD21BB9B1400653E6B /* Release */,
			);
			defaultConfigurationIsVisible = 0;
			defaultConfigurationName = Release;
		};
		E5773FFE21BB9B1400653E6B /* Build configuration list for PBXNativeTarget "Konosuba" */ = {
			isa = XCConfigurationList;
			buildConfigurations = (
				E5773FFF21BB9B1400653E6B /* Debug */,
				E577400021BB9B1400653E6B /* Release */,
			);
			defaultConfigurationIsVisible = 0;
			defaultConfigurationName = Release;
		};
		E577400121BB9B1400653E6B /* Build configuration list for PBXNativeTarget "KonosubaTests" */ = {
			isa = XCConfigurationList;
			buildConfigurations = (
				E577400221BB9B1400653E6B /* Debug */,
				E577400321BB9B1400653E6B /* Release */,
			);
			defaultConfigurationIsVisible = 0;
			defaultConfigurationName = Release;
		};
		E577400421BB9B1400653E6B /* Build configuration list for PBXNativeTarget "KonosubaUITests" */ = {
			isa = XCConfigurationList;
			buildConfigurations = (
				E577400521BB9B1400653E6B /* Debug */,
				E577400621BB9B1400653E6B /* Release */,
			);
			defaultConfigurationIsVisible = 0;
			defaultConfigurationName = Release;
		};
/* End XCConfigurationList section */
	};
	rootObject = E5773FCE21BB9B1300653E6B /* Project object */;
}
